
Microsoft Visual Studio Solution File, Format Version 12.00
# Visual Studio Version 17
VisualStudioVersion = 17.3.32929.385
MinimumVisualStudioVersion = 10.0.40219.1
Project("{FAE04EC0-301F-11D3-BF4B-00C04F79EFBC}") = "BankaOtomasyon", "BankaOtomasyon\BankaOtomasyon.csproj", "{9E2CEA8F-73BE-4364-9BBE-456FD5DB6840}"
EndProject
Global
	GlobalSection(SolutionConfigurationPlatforms) = preSolution
		Debug|Any CPU = Debug|Any CPU
		Release|Any CPU = Release|Any CPU
	EndGlobalSection
	GlobalSection(ProjectConfigurationPlatforms) = postSolution
		{9E2CEA8F-73BE-4364-9BBE-456FD5DB6840}.Debug|Any CPU.ActiveCfg = Debug|Any CPU
		{9E2CEA8F-73BE-4364-9BBE-456FD5DB6840}.Debug|Any CPU.Build.0 = Debug|Any CPU
		{9E2CEA8F-73BE-4364-9BBE-456FD5DB6840}.Release|Any CPU.ActiveCfg = Release|Any CPU
		{9E2CEA8F-73BE-4364-9BBE-456FD5DB6840}.Release|Any CPU.Build.0 = Release|Any CPU
	EndGlobalSection
	GlobalSection(SolutionProperties) = preSolution
		HideSolutionNode = FALSE
	EndGlobalSection
	GlobalSection(ExtensibilityGlobals) = postSolution
		SolutionGuid = {48EF4727-9444-4D00-9C1D-E5C765624478}
	EndGlobalSection
EndGlobal
